{
  "name": "test-npm5",
  "version": "1.0.0",
  "lockfileVersion": 1,
  "requires": true,
  "dependencies": {
    "issue-npm5-node-uuid-package1": {
      "version": "github:johansatge/issue-npm5-node-uuid-package1#f502fc0984a714ef305b607bbe6c4fcbe3f9d4cd",
      "requires": {
        "issue-npm5-node-uuid-package2": "github:johansatge/issue-npm5-node-uuid-package2#53499ad1c99c2ee9cc83a54b924f455a412dc19a"
      },
      "dependencies": {
        "issue-npm5-node-uuid-package2": {
          "version": "github:johansatge/issue-npm5-node-uuid-package2#53499ad1c99c2ee9cc83a54b924f455a412dc19a",
          "requires": {
            "node-uuid": "1.4.8"
          }
        }
      }
    },
    "node-uuid": {
      "version": "1.4.8",
      "resolved": "https://registry.npmjs.org/node-uuid/-/node-uuid-1.4.8.tgz",
      "integrity": "sha1-sEDrCSOWivq/jTL7HxfxFn/auQc="
    }
  }
}
